// !$*UTF8*$!
{
	archiveVersion = 1;
	classes = {
	};
	objectVersion = 46;
	objects = {

/* Begin PBXBuildFile section */
		9390B89F1F56EC48009D2E5C /* AppDelegate.swift in Sources */ = {isa = PBXBuildFile; fileRef = 9390B89E1F56EC48009D2E5C /* AppDelegate.swift */; };
		9390B8A11F56EC48009D2E5C /* ViewController.swift in Sources */ = {isa = PBXBuildFile; fileRef = 9390B8A01F56EC48009D2E5C /* ViewController.swift */; };
		9390B8A41F56EC49009D2E5C /* Main.storyboard in Resources */ = {isa = PBXBuildFile; fileRef = 9390B8A21F56EC49009D2E5C /* Main.storyboard */; };
		9390B8A61F56EC49009D2E5C /* Assets.xcassets in Resources */ = {isa = PBXBuildFile; fileRef = 9390B8A51F56EC49009D2E5C /* Assets.xcassets */; };
		9390B8A91F56EC49009D2E5C /* LaunchScreen.storyboard in Resources */ = {isa = PBXBuildFile; fileRef = 9390B8A71F56EC49009D2E5C /* LaunchScreen.storyboard */; };
		9390B8B11F56ECA6009D2E5C /* EasyTipView.framework in Frameworks */ = {isa = PBXBuildFile; fileRef = 9390B8B01F56ECA6009D2E5C /* EasyTipView.framework */; };
		9390B8B21F56F85B009D2E5C /* EasyTipView.framework in Frameworks */ = {isa = PBXBuildFile; fileRef = 9390B8B01F56ECA6009D2E5C /* EasyTipView.framework */; };
		9390B8B31F56F85B009D2E5C /* EasyTipView.framework in Embed Frameworks */ = {isa = PBXBuildFile; fileRef = 9390B8B01F56ECA6009D2E5C /* EasyTipView.framework */; settings = {ATTRIBUTES = (CodeSignOnCopy, RemoveHeadersOnCopy, ); }; };
/* End PBXBuildFile section */

/* Begin PBXCopyFilesBuildPhase section */
		9390B8B41F56F85B009D2E5C /* Embed Frameworks */ = {
			isa = PBXCopyFilesBuildPhase;
			buildActionMask = 2147483647;
			dstPath = "";
			dstSubfolderSpec = 10;
			files = (
				9390B8B31F56F85B009D2E5C /* EasyTipView.framework in Embed Frameworks */,
			);
			name = "Embed Frameworks";
			runOnlyForDeploymentPostprocessing = 0;
		};
/* End PBXCopyFilesBuildPhase section */

/* Begin PBXFileReference section */
		9390B89B1F56EC47009D2E5C /* SpreebieTooltipExample.app */ = {isa = PBXFileReference; explicitFileType = wrapper.application; includeInIndex = 0; path = SpreebieTooltipExample.app; sourceTree = BUILT_PRODUCTS_DIR; };
		9390B89E1F56EC48009D2E5C /* AppDelegate.swift */ = {isa = PBXFileReference; lastKnownFileType = sourcecode.swift; path = AppDelegate.swift; sourceTree = "<group>"; };
		9390B8A01F56EC48009D2E5C /* ViewController.swift */ = {isa = PBXFileReference; lastKnownFileType = sourcecode.swift; path = ViewController.swift; sourceTree = "<group>"; };
		9390B8A31F56EC49009D2E5C /* Base */ = {isa = PBXFileReference; lastKnownFileType = file.storyboard; name = Base; path = Base.lproj/Main.storyboard; sourceTree = "<group>"; };
		9390B8A51F56EC49009D2E5C /* Assets.xcassets */ = {isa = PBXFileReference; lastKnownFileType = folder.assetcatalog; path = Assets.xcassets; sourceTree = "<group>"; };
		9390B8A81F56EC49009D2E5C /* Base */ = {isa = PBXFileReference; lastKnownFileType = file.storyboard; name = Base; path = Base.lproj/LaunchScreen.storyboard; sourceTree = "<group>"; };
		9390B8AA1F56EC4A009D2E5C /* Info.plist */ = {isa = PBXFileReference; lastKnownFileType = text.plist.xml; path = Info.plist; sourceTree = "<group>"; };
		9390B8B01F56ECA6009D2E5C /* EasyTipView.framework */ = {isa = PBXFileReference; lastKnownFileType = wrapper.framework; path = EasyTipView.framework; sourceTree = "<group>"; };
/* End PBXFileReference section */

/* Begin PBXFrameworksBuildPhase section */
		9390B8981F56EC47009D2E5C /* Frameworks */ = {
			isa = PBXFrameworksBuildPhase;
			buildActionMask = 2147483647;
			files = (
				9390B8B11F56ECA6009D2E5C /* EasyTipView.framework in Frameworks */,
				9390B8B21F56F85B009D2E5C /* EasyTipView.framework in Frameworks */,
			);
			runOnlyForDeploymentPostprocessing = 0;
		};
/* End PBXFrameworksBuildPhase section */

/* Begin PBXGroup section */
		9390B8921F56EC47009D2E5C = {
			isa = PBXGroup;
			children = (
				9390B8B01F56ECA6009D2E5C /* EasyTipView.framework */,
				9390B89D1F56EC47009D2E5C /* SpreebieTooltipExample */,
				9390B89C1F56EC47009D2E5C /* Products */,
			);
			sourceTree = "<group>";
		};
		9390B89C1F56EC47009D2E5C /* Products */ = {
			isa = PBXGroup;
			children = (
				9390B89B1F56EC47009D2E5C /* SpreebieTooltipExample.app */,
			);
			name = Products;
			sourceTree = "<group>";
		};
		9390B89D1F56EC47009D2E5C /* SpreebieTooltipExample */ = {
			isa = PBXGroup;
			children = (
				9390B89E1F56EC48009D2E5C /* AppDelegate.swift */,
				9390B8A01F56EC48009D2E5C /* ViewController.swift */,
				9390B8A21F56EC49009D2E5C /* Main.storyboard */,
				9390B8A51F56EC49009D2E5C /* Assets.xcassets */,
				9390B8A71F56EC49009D2E5C /* LaunchScreen.storyboard */,
				9390B8AA1F56EC4A009D2E5C /* Info.plist */,
			);
			path = SpreebieTooltipExample;
			sourceTree = "<group>";
		};
/* End PBXGroup section */

/* Begin PBXNativeTarget section */
		9390B89A1F56EC47009D2E5C /* SpreebieTooltipExample */ = {
			isa = PBXNativeTarget;
			buildConfigurationList = 9390B8AD1F56EC4A009D2E5C /* Build configuration list for PBXNativeTarget "SpreebieTooltipExample" */;
			buildPhases = (
				9390B8971F56EC47009D2E5C /* Sources */,
				9390B8981F56EC47009D2E5C /* Frameworks */,
				9390B8991F56EC47009D2E5C /* Resources */,
				9390B8B41F56F85B009D2E5C /* Embed Frameworks */,
			);
			buildRules = (
			);
			dependencies = (
			);
			name = SpreebieTooltipExample;
			productName = SpreebieTooltipExample;
			productReference = 9390B89B1F56EC47009D2E5C /* SpreebieTooltipExample.app */;
			productType = "com.apple.product-type.application";
		};
/* End PBXNativeTarget section */

/* Begin PBXProject section */
		9390B8931F56EC47009D2E5C /* Project object */ = {
			isa = PBXProject;
			attributes = {
				LastSwiftUpdateCheck = 0830;
				LastUpgradeCheck = 0830;
				ORGANIZATIONNAME = "Open Beacon";
				TargetAttributes = {
					9390B89A1F56EC47009D2E5C = {
						CreatedOnToolsVersion = 8.3.2;
						DevelopmentTeam = Q3QATXHHM9;
						ProvisioningStyle = Automatic;
					};
				};
			};
			buildConfigurationList = 9390B8961F56EC47009D2E5C /* Build configuration list for PBXProject "SpreebieTooltipExample" */;
			compatibilityVersion = "Xcode 3.2";
			developmentRegion = English;
			hasScannedForEncodings = 0;
			knownRegions = (
				en,
				Base,
			);
			mainGroup = 9390B8921F56EC47009D2E5C;
			productRefGroup = 9390B89C1F56EC47009D2E5C /* Products */;
			projectDirPath = "";
			projectRoot = "";
			targets = (
				9390B89A1F56EC47009D2E5C /* SpreebieTooltipExample */,
			);
		};
/* End PBXProject section */

/* Begin PBXResourcesBuildPhase section */
		9390B8991F56EC47009D2E5C /* Resources */ = {
			isa = PBXResourcesBuildPhase;
			buildActionMask = 2147483647;
			files = (
				9390B8A91F56EC49009D2E5C /* LaunchScreen.storyboard in Resources */,
				9390B8A61F56EC49009D2E5C /* Assets.xcassets in Resources */,
				9390B8A41F56EC49009D2E5C /* Main.storyboard in Resources */,
			);
			runOnlyForDeploymentPostprocessing = 0;
		};
/* End PBXResourcesBuildPhase section */

/* Begin PBXSourcesBuildPhase section */
		9390B8971F56EC47009D2E5C /* Sources */ = {
			isa = PBXSourcesBuildPhase;
			buildActionMask = 2147483647;
			files = (
				9390B8A11F56EC48009D2E5C /* ViewController.swift in Sources */,
				9390B89F1F56EC48009D2E5C /* AppDelegate.swift in Sources */,
			);
			runOnlyForDeploymentPostprocessing = 0;
		};
/* End PBXSourcesBuildPhase section */

/* Begin PBXVariantGroup section */
		9390B8A21F56EC49009D2E5C /* Main.storyboard */ = {
			isa = PBXVariantGroup;
			children = (
				9390B8A31F56EC49009D2E5C /* Base */,
			);
			name = Main.storyboard;
			sourceTree = "<group>";
		};
		9390B8A71F56EC49009D2E5C /* LaunchScreen.storyboard */ = {
			isa = PBXVariantGroup;
			children = (
				9390B8A81F56EC49009D2E5C /* Base */,
			);
			name = LaunchScreen.storyboard;
			sourceTree = "<group>";
		};
/* End PBXVariantGroup section */

/* Begin XCBuildConfiguration section */
		9390B8AB1F56EC4A009D2E5C /* Debug */ = {
			isa = XCBuildConfiguration;
			buildSettings = {
				ALWAYS_SEARCH_USER_PATHS = NO;
				CLANG_ANALYZER_NONNULL = YES;
				CLANG_ANALYZER_NUMBER_OBJECT_CONVERSION = YES_AGGRESSIVE;
				CLANG_CXX_LANGUAGE_STANDARD = "gnu++0x";
				CLANG_CXX_LIBRARY = "libc++";
				CLANG_ENABLE_MODULES = YES;
				CLANG_ENABLE_OBJC_ARC = YES;
				CLANG_WARN_BOOL_CONVERSION = YES;
				CLANG_WARN_CONSTANT_CONVERSION = YES;
				CLANG_WARN_DIRECT_OBJC_ISA_USAGE = YES_ERROR;
				CLANG_WARN_DOCUMENTATION_COMMENTS = YES;
				CLANG_WARN_EMPTY_BODY = YES;
				CLANG_WARN_ENUM_CONVERSION = YES;
				CLANG_WARN_INFINITE_RECURSION = YES;
				CLANG_WARN_INT_CONVERSION = YES;
				CLANG_WARN_OBJC_ROOT_CLASS = YES_ERROR;
				CLANG_WARN_SUSPICIOUS_MOVE = YES;
				CLANG_WARN_UNREACHABLE_CODE = YES;
				CLANG_WARN__DUPLICATE_METHOD_MATCH = YES;
				"CODE_SIGN_IDENTITY[sdk=iphoneos*]" = "iPhone Developer";
				COPY_PHASE_STRIP = NO;
				DEBUG_INFORMATION_FORMAT = dwarf;
				ENABLE_STRICT_OBJC_MSGSEND = YES;
				ENABLE_TESTABILITY = YES;
				GCC_C_LANGUAGE_STANDARD = gnu99;
				GCC_DYNAMIC_NO_PIC = NO;
				GCC_NO_COMMON_BLOCKS = YES;
				GCC_OPTIMIZATION_LEVEL = 0;
				GCC_PREPROCESSOR_DEFINITIONS = (
					"DEBUG=1",
					"$(inherited)",
				);
				GCC_WARN_64_TO_32_BIT_CONVERSION = YES;
				GCC_WARN_ABOUT_RETURN_TYPE = YES_ERROR;
				GCC_WARN_UNDECLARED_SELECTOR = YES;
				GCC_WARN_UNINITIALIZED_AUTOS = YES_AGGRESSIVE;
				GCC_WARN_UNUSED_FUNCTION = YES;
				GCC_WARN_UNUSED_VARIABLE = YES;
				IPHONEOS_DEPLOYMENT_TARGET = 10.3;
				MTL_ENABLE_DEBUG_INFO = YES;
				ONLY_ACTIVE_ARCH = YES;
				SDKROOT = iphoneos;
				SWIFT_ACTIVE_COMPILATION_CONDITIONS = DEBUG;
				SWIFT_OPTIMIZATION_LEVEL = "-Onone";
			};
			name = Debug;
		};
		9390B8AC1F56EC4A009D2E5C /* Release */ = {
			isa = XCBuildConfiguration;
			buildSettings = {
				ALWAYS_SEARCH_USER_PATHS = NO;
				CLANG_ANALYZER_NONNULL = YES;
				CLANG_ANALYZER_NUMBER_OBJECT_CONVERSION = YES_AGGRESSIVE;
				CLANG_CXX_LANGUAGE_STANDARD = "gnu++0x";
				CLANG_CXX_LIBRARY = "libc++";
				CLANG_ENABLE_MODULES = YES;
				CLANG_ENABLE_OBJC_ARC = YES;
				CLANG_WARN_BOOL_CONVERSION = YES;
				CLANG_WARN_CONSTANT_CONVERSION = YES;
				CLANG_WARN_DIRECT_OBJC_ISA_USAGE = YES_ERROR;
				CLANG_WARN_DOCUMENTATION_COMMENTS = YES;
				CLANG_WARN_EMPTY_BODY = YES;
				CLANG_WARN_ENUM_CONVERSION = YES;
				CLANG_WARN_INFINITE_RECURSION = YES;
				CLANG_WARN_INT_CONVERSION = YES;
				CLANG_WARN_OBJC_ROOT_CLASS = YES_ERROR;
				CLANG_WARN_SUSPICIOUS_MOVE = YES;
				CLANG_WARN_UNREACHABLE_CODE = YES;
				CLANG_WARN__DUPLICATE_METHOD_MATCH = YES;
				"CODE_SIGN_IDENTITY[sdk=iphoneos*]" = "iPhone Developer";
				COPY_PHASE_STRIP = NO;
				DEBUG_INFORMATION_FORMAT = "dwarf-with-dsym";
				ENABLE_NS_ASSERTIONS = NO;
				ENABLE_STRICT_OBJC_MSGSEND = YES;
				GCC_C_LANGUAGE_STANDARD = gnu99;
				GCC_NO_COMMON_BLOCKS = YES;
				GCC_WARN_64_TO_32_BIT_CONVERSION = YES;
				GCC_WARN_ABOUT_RETURN_TYPE = YES_ERROR;
				GCC_WARN_UNDECLARED_SELECTOR = YES;
				GCC_WARN_UNINITIALIZED_AUTOS = YES_AGGRESSIVE;
				GCC_WARN_UNUSED_FUNCTION = YES;
				GCC_WARN_UNUSED_VARIABLE = YES;
				IPHONEOS_DEPLOYMENT_TARGET = 10.3;
				MTL_ENABLE_DEBUG_INFO = NO;
				SDKROOT = iphoneos;
				SWIFT_OPTIMIZATION_LEVEL = "-Owholemodule";
				VALIDATE_PRODUCT = YES;
			};
			name = Release;
		};
		9390B8AE1F56EC4A009D2E5C /* Debug */ = {
			isa = XCBuildConfiguration;
			buildSettings = {
				ASSETCATALOG_COMPILER_APPICON_NAME = AppIcon;
				DEVELOPMENT_TEAM = Q3QATXHHM9;
				FRAMEWORK_SEARCH_PATHS = (
					"$(inherited)",
					"$(PROJECT_DIR)",
				);
				INFOPLIST_FILE = SpreebieTooltipExample/Info.plist;
				LD_RUNPATH_SEARCH_PATHS = "$(inherited) @executable_path/Frameworks";
				PRODUCT_BUNDLE_IDENTIFIER = biz.openbeacon.SpreebieTooltipExample;
				PRODUCT_NAME = "$(TARGET_NAME)";
				SWIFT_VERSION = 3.0;
			};
			name = Debug;
		};
		9390B8AF1F56EC4A009D2E5C /* Release */ = {
			isa = XCBuildConfiguration;
			buildSettings = {
				ASSETCATALOG_COMPILER_APPICON_NAME = AppIcon;
				DEVELOPMENT_TEAM = Q3QATXHHM9;
				FRAMEWORK_SEARCH_PATHS = (
					"$(inherited)",
					"$(PROJECT_DIR)",
				);
				INFOPLIST_FILE = SpreebieTooltipExample/Info.plist;
				LD_RUNPATH_SEARCH_PATHS = "$(inherited) @executable_path/Frameworks";
				PRODUCT_BUNDLE_IDENTIFIER = biz.openbeacon.SpreebieTooltipExample;
				PRODUCT_NAME = "$(TARGET_NAME)";
				SWIFT_VERSION = 3.0;
			};
			name = Release;
		};
/* End XCBuildConfiguration section */

/* Begin XCConfigurationList section */
		9390B8961F56EC47009D2E5C /* Build configuration list for PBXProject "SpreebieTooltipExample" */ = {
			isa = XCConfigurationList;
			buildConfigurations = (
				9390B8AB1F56EC4A009D2E5C /* Debug */,
				9390B8AC1F56EC4A009D2E5C /* Release */,
			);
			defaultConfigurationIsVisible = 0;
			defaultConfigurationName = Release;
		};
		9390B8AD1F56EC4A009D2E5C /* Build configuration list for PBXNativeTarget "SpreebieTooltipExample" */ = {
			isa = XCConfigurationList;
			buildConfigurations = (
				9390B8AE1F56EC4A009D2E5C /* Debug */,
				9390B8AF1F56EC4A009D2E5C /* Release */,
			);
			defaultConfigurationIsVisible = 0;
		};
/* End XCConfigurationList section */
	};
	rootObject = 9390B8931F56EC47009D2E5C /* Project object */;
}
